
Microsoft Visual Studio Solution File, Format Version 12.00
# Visual Studio 2013
VisualStudioVersion = 12.0.31101.0
MinimumVisualStudioVersion = 10.0.40219.1
Project("{FAE04EC0-301F-11D3-BF4B-00C04F79EFBC}") = "Medley.Collections", "Medley.Collections\Medley.Collections.csproj", "{449287F6-A12B-4A77-8410-8C59848D07A5}"
EndProject
Project("{FAE04EC0-301F-11D3-BF4B-00C04F79EFBC}") = "Medley.Collections.Tests", "Medley.Collections.Tests\Medley.Collections.Tests.csproj", "{F9D48344-A375-4FE0-AA47-A44B417A3B87}"
EndProject
Project("{FAE04EC0-301F-11D3-BF4B-00C04F79EFBC}") = "Medley.Concurrent", "Medley.Concurrent\Medley.Concurrent.csproj", "{2D8B1864-B384-4D62-BAC6-FA1C4BE66A86}"
EndProject
Project("{FAE04EC0-301F-11D3-BF4B-00C04F79EFBC}") = "Medley.Concurrent.Tests", "Medley.Concurrent.Tests\Medley.Concurrent.Tests.csproj", "{2D6D6267-1CDD-4E68-AFFF-33878890C7D1}"
EndProject
Global
	GlobalSection(SolutionConfigurationPlatforms) = preSolution
		Debug|Any CPU = Debug|Any CPU
		Release|Any CPU = Release|Any CPU
	EndGlobalSection
	GlobalSection(ProjectConfigurationPlatforms) = postSolution
		{449287F6-A12B-4A77-8410-8C59848D07A5}.Debug|Any CPU.ActiveCfg = Release|Any CPU
		{449287F6-A12B-4A77-8410-8C59848D07A5}.Debug|Any CPU.Build.0 = Release|Any CPU
		{449287F6-A12B-4A77-8410-8C59848D07A5}.Release|Any CPU.ActiveCfg = Release|Any CPU
		{449287F6-A12B-4A77-8410-8C59848D07A5}.Release|Any CPU.Build.0 = Release|Any CPU
		{F9D48344-A375-4FE0-AA47-A44B417A3B87}.Debug|Any CPU.ActiveCfg = Debug|Any CPU
		{F9D48344-A375-4FE0-AA47-A44B417A3B87}.Debug|Any CPU.Build.0 = Debug|Any CPU
		{F9D48344-A375-4FE0-AA47-A44B417A3B87}.Release|Any CPU.ActiveCfg = Release|Any CPU
		{F9D48344-A375-4FE0-AA47-A44B417A3B87}.Release|Any CPU.Build.0 = Release|Any CPU
		{2D8B1864-B384-4D62-BAC6-FA1C4BE66A86}.Debug|Any CPU.ActiveCfg = Debug|Any CPU
		{2D8B1864-B384-4D62-BAC6-FA1C4BE66A86}.Debug|Any CPU.Build.0 = Debug|Any CPU
		{2D8B1864-B384-4D62-BAC6-FA1C4BE66A86}.Release|Any CPU.ActiveCfg = Release|Any CPU
		{2D8B1864-B384-4D62-BAC6-FA1C4BE66A86}.Release|Any CPU.Build.0 = Release|Any CPU
		{2D6D6267-1CDD-4E68-AFFF-33878890C7D1}.Debug|Any CPU.ActiveCfg = Debug|Any CPU
		{2D6D6267-1CDD-4E68-AFFF-33878890C7D1}.Debug|Any CPU.Build.0 = Debug|Any CPU
		{2D6D6267-1CDD-4E68-AFFF-33878890C7D1}.Release|Any CPU.ActiveCfg = Release|Any CPU
		{2D6D6267-1CDD-4E68-AFFF-33878890C7D1}.Release|Any CPU.Build.0 = Release|Any CPU
	EndGlobalSection
	GlobalSection(SolutionProperties) = preSolution
		HideSolutionNode = FALSE
	EndGlobalSection
EndGlobal
